// !$*UTF8*$!
{
	archiveVersion = 1;
	classes = {
	};
	objectVersion = 46;
	objects = {

/* Begin PBXBuildFile section */
		E5130ACF1D58D7410072C220 /* main.m in Sources */ = {isa = PBXBuildFile; fileRef = E5130ACE1D58D7410072C220 /* main.m */; };
		E5130AD21D58D7410072C220 /* AppDelegate.m in Sources */ = {isa = PBXBuildFile; fileRef = E5130AD11D58D7410072C220 /* AppDelegate.m */; };
		E5130AD51D58D7410072C220 /* ViewController.m in Sources */ = {isa = PBXBuildFile; fileRef = E5130AD41D58D7410072C220 /* ViewController.m */; };
		E5130AD81D58D7410072C220 /* Main.storyboard in Resources */ = {isa = PBXBuildFile; fileRef = E5130AD61D58D7410072C220 /* Main.storyboard */; };
		E5130ADA1D58D7410072C220 /* Assets.xcassets in Resources */ = {isa = PBXBuildFile; fileRef = E5130AD91D58D7410072C220 /* Assets.xcassets */; };
		E5130ADD1D58D7410072C220 /* LaunchScreen.storyboard in Resources */ = {isa = PBXBuildFile; fileRef = E5130ADB1D58D7410072C220 /* LaunchScreen.storyboard */; };
/* End PBXBuildFile section */

/* Begin PBXFileReference section */
		E5130ACA1D58D7410072C220 /* GestureLockViewDemo.app */ = {isa = PBXFileReference; explicitFileType = wrapper.application; includeInIndex = 0; path = GestureLockViewDemo.app; sourceTree = BUILT_PRODUCTS_DIR; };
		E5130ACE1D58D7410072C220 /* main.m */ = {isa = PBXFileReference; lastKnownFileType = sourcecode.c.objc; path = main.m; sourceTree = "<group>"; };
		E5130AD01D58D7410072C220 /* AppDelegate.h */ = {isa = PBXFileReference; lastKnownFileType = sourcecode.c.h; path = AppDelegate.h; sourceTree = "<group>"; };
		E5130AD11D58D7410072C220 /* AppDelegate.m */ = {isa = PBXFileReference; lastKnownFileType = sourcecode.c.objc; path = AppDelegate.m; sourceTree = "<group>"; };
		E5130AD31D58D7410072C220 /* ViewController.h */ = {isa = PBXFileReference; lastKnownFileType = sourcecode.c.h; path = ViewController.h; sourceTree = "<group>"; };
		E5130AD41D58D7410072C220 /* ViewController.m */ = {isa = PBXFileReference; lastKnownFileType = sourcecode.c.objc; path = ViewController.m; sourceTree = "<group>"; };
		E5130AD71D58D7410072C220 /* Base */ = {isa = PBXFileReference; lastKnownFileType = file.storyboard; name = Base; path = Base.lproj/Main.storyboard; sourceTree = "<group>"; };
		E5130AD91D58D7410072C220 /* Assets.xcassets */ = {isa = PBXFileReference; lastKnownFileType = folder.assetcatalog; path = Assets.xcassets; sourceTree = "<group>"; };
		E5130ADC1D58D7410072C220 /* Base */ = {isa = PBXFileReference; lastKnownFileType = file.storyboard; name = Base; path = Base.lproj/LaunchScreen.storyboard; sourceTree = "<group>"; };
		E5130ADE1D58D7410072C220 /* Info.plist */ = {isa = PBXFileReference; lastKnownFileType = text.plist.xml; path = Info.plist; sourceTree = "<group>"; };
/* End PBXFileReference section */

/* Begin PBXFrameworksBuildPhase section */
		E5130AC71D58D7410072C220 /* Frameworks */ = {
			isa = PBXFrameworksBuildPhase;
			buildActionMask = 2147483647;
			files = (
			);
			runOnlyForDeploymentPostprocessing = 0;
		};
/* End PBXFrameworksBuildPhase section */

/* Begin PBXGroup section */
		E5130AC11D58D7410072C220 = {
			isa = PBXGroup;
			children = (
				E5130ACC1D58D7410072C220 /* GestureLockViewDemo */,
				E5130ACB1D58D7410072C220 /* Products */,
			);
			sourceTree = "<group>";
		};
		E5130ACB1D58D7410072C220 /* Products */ = {
			isa = PBXGroup;
			children = (
				E5130ACA1D58D7410072C220 /* GestureLockViewDemo.app */,
			);
			name = Products;
			sourceTree = "<group>";
		};
		E5130ACC1D58D7410072C220 /* GestureLockViewDemo */ = {
			isa = PBXGroup;
			children = (
				E5130AD01D58D7410072C220 /* AppDelegate.h */,
				E5130AD11D58D7410072C220 /* AppDelegate.m */,
				E5130AD31D58D7410072C220 /* ViewController.h */,
				E5130AD41D58D7410072C220 /* ViewController.m */,
				E5130AD61D58D7410072C220 /* Main.storyboard */,
				E5130AD91D58D7410072C220 /* Assets.xcassets */,
				E5130ADB1D58D7410072C220 /* LaunchScreen.storyboard */,
				E5130ADE1D58D7410072C220 /* Info.plist */,
				E5130ACD1D58D7410072C220 /* Supporting Files */,
			);
			path = GestureLockViewDemo;
			sourceTree = "<group>";
		};
		E5130ACD1D58D7410072C220 /* Supporting Files */ = {
			isa = PBXGroup;
			children = (
				E5130ACE1D58D7410072C220 /* main.m */,
			);
			name = "Supporting Files";
			sourceTree = "<group>";
		};
/* End PBXGroup section */

/* Begin PBXNativeTarget section */
		E5130AC91D58D7410072C220 /* GestureLockViewDemo */ = {
			isa = PBXNativeTarget;
			buildConfigurationList = E5130AE11D58D7410072C220 /* Build configuration list for PBXNativeTarget "GestureLockViewDemo" */;
			buildPhases = (
				E5130AC61D58D7410072C220 /* Sources */,
				E5130AC71D58D7410072C220 /* Frameworks */,
				E5130AC81D58D7410072C220 /* Resources */,
			);
			buildRules = (
			);
			dependencies = (
			);
			name = GestureLockViewDemo;
			productName = GestureLockViewDemo;
			productReference = E5130ACA1D58D7410072C220 /* GestureLockViewDemo.app */;
			productType = "com.apple.product-type.application";
		};
/* End PBXNativeTarget section */

/* Begin PBXProject section */
		E5130AC21D58D7410072C220 /* Project object */ = {
			isa = PBXProject;
			attributes = {
				LastUpgradeCheck = 0710;
				ORGANIZATIONNAME = miaoyou.gmy;
				TargetAttributes = {
					E5130AC91D58D7410072C220 = {
						CreatedOnToolsVersion = 7.1.1;
						DevelopmentTeam = 5W9JNEGWA4;
					};
				};
			};
			buildConfigurationList = E5130AC51D58D7410072C220 /* Build configuration list for PBXProject "GestureLockViewDemo" */;
			compatibilityVersion = "Xcode 3.2";
			developmentRegion = English;
			hasScannedForEncodings = 0;
			knownRegions = (
				en,
				Base,
			);
			mainGroup = E5130AC11D58D7410072C220;
			productRefGroup = E5130ACB1D58D7410072C220 /* Products */;
			projectDirPath = "";
			projectRoot = "";
			targets = (
				E5130AC91D58D7410072C220 /* GestureLockViewDemo */,
			);
		};
/* End PBXProject section */

/* Begin PBXResourcesBuildPhase section */
		E5130AC81D58D7410072C220 /* Resources */ = {
			isa = PBXResourcesBuildPhase;
			buildActionMask = 2147483647;
			files = (
				E5130ADD1D58D7410072C220 /* LaunchScreen.storyboard in Resources */,
				E5130ADA1D58D7410072C220 /* Assets.xcassets in Resources */,
				E5130AD81D58D7410072C220 /* Main.storyboard in Resources */,
			);
			runOnlyForDeploymentPostprocessing = 0;
		};
/* End PBXResourcesBuildPhase section */

/* Begin PBXSourcesBuildPhase section */
		E5130AC61D58D7410072C220 /* Sources */ = {
			isa = PBXSourcesBuildPhase;
			buildActionMask = 2147483647;
			files = (
				E5130AD51D58D7410072C220 /* ViewController.m in Sources */,
				E5130AD21D58D7410072C220 /* AppDelegate.m in Sources */,
				E5130ACF1D58D7410072C220 /* main.m in Sources */,
			);
			runOnlyForDeploymentPostprocessing = 0;
		};
/* End PBXSourcesBuildPhase section */

/* Begin PBXVariantGroup section */
		E5130AD61D58D7410072C220 /* Main.storyboard */ = {
			isa = PBXVariantGroup;
			children = (
				E5130AD71D58D7410072C220 /* Base */,
			);
			name = Main.storyboard;
			sourceTree = "<group>";
		};
		E5130ADB1D58D7410072C220 /* LaunchScreen.storyboard */ = {
			isa = PBXVariantGroup;
			children = (
				E5130ADC1D58D7410072C220 /* Base */,
			);
			name = LaunchScreen.storyboard;
			sourceTree = "<group>";
		};
/* End PBXVariantGroup section */

/* Begin XCBuildConfiguration section */
		E5130ADF1D58D7410072C220 /* Debug */ = {
			isa = XCBuildConfiguration;
			buildSettings = {
				ALWAYS_SEARCH_USER_PATHS = NO;
				CLANG_CXX_LANGUAGE_STANDARD = "gnu++0x";
				CLANG_CXX_LIBRARY = "libc++";
				CLANG_ENABLE_MODULES = YES;
				CLANG_ENABLE_OBJC_ARC = YES;
				CLANG_WARN_BOOL_CONVERSION = YES;
				CLANG_WARN_CONSTANT_CONVERSION = YES;
				CLANG_WARN_DIRECT_OBJC_ISA_USAGE = YES_ERROR;
				CLANG_WARN_EMPTY_BODY = YES;
				CLANG_WARN_ENUM_CONVERSION = YES;
				CLANG_WARN_INT_CONVERSION = YES;
				CLANG_WARN_OBJC_ROOT_CLASS = YES_ERROR;
				CLANG_WARN_UNREACHABLE_CODE = YES;
				CLANG_WARN__DUPLICATE_METHOD_MATCH = YES;
				"CODE_SIGN_IDENTITY[sdk=iphoneos*]" = "iPhone Developer";
				COPY_PHASE_STRIP = NO;
				DEBUG_INFORMATION_FORMAT = dwarf;
				ENABLE_STRICT_OBJC_MSGSEND = YES;
				ENABLE_TESTABILITY = YES;
				GCC_C_LANGUAGE_STANDARD = gnu99;
				GCC_DYNAMIC_NO_PIC = NO;
				GCC_NO_COMMON_BLOCKS = YES;
				GCC_OPTIMIZATION_LEVEL = 0;
				GCC_PREPROCESSOR_DEFINITIONS = (
					"DEBUG=1",
					"$(inherited)",
				);
				GCC_WARN_64_TO_32_BIT_CONVERSION = YES;
				GCC_WARN_ABOUT_RETURN_TYPE = YES_ERROR;
				GCC_WARN_UNDECLARED_SELECTOR = YES;
				GCC_WARN_UNINITIALIZED_AUTOS = YES_AGGRESSIVE;
				GCC_WARN_UNUSED_FUNCTION = YES;
				GCC_WARN_UNUSED_VARIABLE = YES;
				IPHONEOS_DEPLOYMENT_TARGET = 9.1;
				MTL_ENABLE_DEBUG_INFO = YES;
				ONLY_ACTIVE_ARCH = YES;
				SDKROOT = iphoneos;
			};
			name = Debug;
		};
		E5130AE01D58D7410072C220 /* Release */ = {
			isa = XCBuildConfiguration;
			buildSettings = {
				ALWAYS_SEARCH_USER_PATHS = NO;
				CLANG_CXX_LANGUAGE_STANDARD = "gnu++0x";
				CLANG_CXX_LIBRARY = "libc++";
				CLANG_ENABLE_MODULES = YES;
				CLANG_ENABLE_OBJC_ARC = YES;
				CLANG_WARN_BOOL_CONVERSION = YES;
				CLANG_WARN_CONSTANT_CONVERSION = YES;
				CLANG_WARN_DIRECT_OBJC_ISA_USAGE = YES_ERROR;
				CLANG_WARN_EMPTY_BODY = YES;
				CLANG_WARN_ENUM_CONVERSION = YES;
				CLANG_WARN_INT_CONVERSION = YES;
				CLANG_WARN_OBJC_ROOT_CLASS = YES_ERROR;
				CLANG_WARN_UNREACHABLE_CODE = YES;
				CLANG_WARN__DUPLICATE_METHOD_MATCH = YES;
				"CODE_SIGN_IDENTITY[sdk=iphoneos*]" = "iPhone Developer";
				COPY_PHASE_STRIP = NO;
				DEBUG_INFORMATION_FORMAT = "dwarf-with-dsym";
				ENABLE_NS_ASSERTIONS = NO;
				ENABLE_STRICT_OBJC_MSGSEND = YES;
				GCC_C_LANGUAGE_STANDARD = gnu99;
				GCC_NO_COMMON_BLOCKS = YES;
				GCC_WARN_64_TO_32_BIT_CONVERSION = YES;
				GCC_WARN_ABOUT_RETURN_TYPE = YES_ERROR;
				GCC_WARN_UNDECLARED_SELECTOR = YES;
				GCC_WARN_UNINITIALIZED_AUTOS = YES_AGGRESSIVE;
				GCC_WARN_UNUSED_FUNCTION = YES;
				GCC_WARN_UNUSED_VARIABLE = YES;
				IPHONEOS_DEPLOYMENT_TARGET = 9.1;
				MTL_ENABLE_DEBUG_INFO = NO;
				SDKROOT = iphoneos;
				VALIDATE_PRODUCT = YES;
			};
			name = Release;
		};
		E5130AE21D58D7410072C220 /* Debug */ = {
			isa = XCBuildConfiguration;
			buildSettings = {
				ASSETCATALOG_COMPILER_APPICON_NAME = AppIcon;
				INFOPLIST_FILE = GestureLockViewDemo/Info.plist;
				LD_RUNPATH_SEARCH_PATHS = "$(inherited) @executable_path/Frameworks";
				PRODUCT_BUNDLE_IDENTIFIER = com.gmy.project.GestureLockViewDemo;
				PRODUCT_NAME = "$(TARGET_NAME)";
			};
			name = Debug;
		};
		E5130AE31D58D7410072C220 /* Release */ = {
			isa = XCBuildConfiguration;
			buildSettings = {
				ASSETCATALOG_COMPILER_APPICON_NAME = AppIcon;
				INFOPLIST_FILE = GestureLockViewDemo/Info.plist;
				LD_RUNPATH_SEARCH_PATHS = "$(inherited) @executable_path/Frameworks";
				PRODUCT_BUNDLE_IDENTIFIER = com.gmy.project.GestureLockViewDemo;
				PRODUCT_NAME = "$(TARGET_NAME)";
			};
			name = Release;
		};
/* End XCBuildConfiguration section */

/* Begin XCConfigurationList section */
		E5130AC51D58D7410072C220 /* Build configuration list for PBXProject "GestureLockViewDemo" */ = {
			isa = XCConfigurationList;
			buildConfigurations = (
				E5130ADF1D58D7410072C220 /* Debug */,
				E5130AE01D58D7410072C220 /* Release */,
			);
			defaultConfigurationIsVisible = 0;
			defaultConfigurationName = Release;
		};
		E5130AE11D58D7410072C220 /* Build configuration list for PBXNativeTarget "GestureLockViewDemo" */ = {
			isa = XCConfigurationList;
			buildConfigurations = (
				E5130AE21D58D7410072C220 /* Debug */,
				E5130AE31D58D7410072C220 /* Release */,
			);
			defaultConfigurationIsVisible = 0;
		};
/* End XCConfigurationList section */
	};
	rootObject = E5130AC21D58D7410072C220 /* Project object */;
}
